
Microsoft Visual Studio Solution File, Format Version 12.00
# Visual Studio Version 16
VisualStudioVersion = 16.0.31729.503
MinimumVisualStudioVersion = 10.0.40219.1
Project("{FAE04EC0-301F-11D3-BF4B-00C04F79EFBC}") = "Team2", "Team2\Team2.csproj", "{D6EA1BEF-E94C-431B-8A7B-3D32985B7EBE}"
EndProject
Global
	GlobalSection(SolutionConfigurationPlatforms) = preSolution
		Debug|Any CPU = Debug|Any CPU
		Release|Any CPU = Release|Any CPU
	EndGlobalSection
	GlobalSection(ProjectConfigurationPlatforms) = postSolution
		{D6EA1BEF-E94C-431B-8A7B-3D32985B7EBE}.Debug|Any CPU.ActiveCfg = Debug|Any CPU
		{D6EA1BEF-E94C-431B-8A7B-3D32985B7EBE}.Debug|Any CPU.Build.0 = Debug|Any CPU
		{D6EA1BEF-E94C-431B-8A7B-3D32985B7EBE}.Release|Any CPU.ActiveCfg = Release|Any CPU
		{D6EA1BEF-E94C-431B-8A7B-3D32985B7EBE}.Release|Any CPU.Build.0 = Release|Any CPU
	EndGlobalSection
	GlobalSection(SolutionProperties) = preSolution
		HideSolutionNode = FALSE
	EndGlobalSection
	GlobalSection(ExtensibilityGlobals) = postSolution
		SolutionGuid = {2F1EB3FA-1E5F-464A-ABA2-4407D80E2891}
	EndGlobalSection
EndGlobal
